
Microsoft Visual Studio Solution File, Format Version 12.00
# Visual Studio Version 17
VisualStudioVersion = 17.6.33723.286
MinimumVisualStudioVersion = 10.0.40219.1
Project("{FAE04EC0-301F-11D3-BF4B-00C04F79EFBC}") = "FitnessApp.Core.Engines", "FitnessApp.Core.Engines.csproj", "{1C202A07-72C3-4299-B9DF-F8F3D3ADDF8F}"
EndProject
Global
	GlobalSection(SolutionConfigurationPlatforms) = preSolution
		Debug|Any CPU = Debug|Any CPU
		Release|Any CPU = Release|Any CPU
	EndGlobalSection
	GlobalSection(ProjectConfigurationPlatforms) = postSolution
		{1C202A07-72C3-4299-B9DF-F8F3D3ADDF8F}.Debug|Any CPU.ActiveCfg = Debug|Any CPU
		{1C202A07-72C3-4299-B9DF-F8F3D3ADDF8F}.Debug|Any CPU.Build.0 = Debug|Any CPU
		{1C202A07-72C3-4299-B9DF-F8F3D3ADDF8F}.Release|Any CPU.ActiveCfg = Release|Any CPU
		{1C202A07-72C3-4299-B9DF-F8F3D3ADDF8F}.Release|Any CPU.Build.0 = Release|Any CPU
	EndGlobalSection
	GlobalSection(SolutionProperties) = preSolution
		HideSolutionNode = FALSE
	EndGlobalSection
	GlobalSection(ExtensibilityGlobals) = postSolution
		SolutionGuid = {978D5DA9-8A5A-4D57-A26D-E95D2296AEF5}
	EndGlobalSection
EndGlobal
