
Microsoft Visual Studio Solution File, Format Version 12.00
# Visual Studio Version 17
VisualStudioVersion = 17.6.33723.286
MinimumVisualStudioVersion = 10.0.40219.1
Project("{FAE04EC0-301F-11D3-BF4B-00C04F79EFBC}") = "FitnessApp.Core.DataObjects", "FitnessApp.Core.DataObjects.csproj", "{BB683333-27C7-45F1-91D6-E2E2F3E84EDE}"
EndProject
Global
	GlobalSection(SolutionConfigurationPlatforms) = preSolution
		Debug|Any CPU = Debug|Any CPU
		Release|Any CPU = Release|Any CPU
	EndGlobalSection
	GlobalSection(ProjectConfigurationPlatforms) = postSolution
		{BB683333-27C7-45F1-91D6-E2E2F3E84EDE}.Debug|Any CPU.ActiveCfg = Debug|Any CPU
		{BB683333-27C7-45F1-91D6-E2E2F3E84EDE}.Debug|Any CPU.Build.0 = Debug|Any CPU
		{BB683333-27C7-45F1-91D6-E2E2F3E84EDE}.Release|Any CPU.ActiveCfg = Release|Any CPU
		{BB683333-27C7-45F1-91D6-E2E2F3E84EDE}.Release|Any CPU.Build.0 = Release|Any CPU
	EndGlobalSection
	GlobalSection(SolutionProperties) = preSolution
		HideSolutionNode = FALSE
	EndGlobalSection
	GlobalSection(ExtensibilityGlobals) = postSolution
		SolutionGuid = {772D49A9-9254-45B9-9686-E12A60901383}
	EndGlobalSection
EndGlobal
